
Microsoft Visual Studio Solution File, Format Version 12.00
# Visual Studio 15
Project("{FAE04EC0-301F-11D3-BF4B-00C04F79EFBC}") = "Assembly-CSharp", "Assembly-CSharp.csproj", "{668A1FF5-77A5-4132-C37D-2758257A54E6}"
EndProject
Project("{FAE04EC0-301F-11D3-BF4B-00C04F79EFBC}") = "Assembly-CSharp-firstpass", "Assembly-CSharp-firstpass.csproj", "{02464E4E-C32D-A074-D4B9-B09829DEE1D2}"
EndProject
Project("{FAE04EC0-301F-11D3-BF4B-00C04F79EFBC}") = "Assembly-CSharp-Editor-firstpass", "Assembly-CSharp-Editor-firstpass.csproj", "{7074BF24-BCDD-146E-5FC4-83788F31219E}"
EndProject
Global
	GlobalSection(SolutionConfigurationPlatforms) = preSolution
		Debug|Any CPU = Debug|Any CPU
		Release|Any CPU = Release|Any CPU
	EndGlobalSection
	GlobalSection(ProjectConfigurationPlatforms) = postSolution
		{668A1FF5-77A5-4132-C37D-2758257A54E6}.Debug|Any CPU.ActiveCfg = Debug|Any CPU
		{668A1FF5-77A5-4132-C37D-2758257A54E6}.Debug|Any CPU.Build.0 = Debug|Any CPU
		{668A1FF5-77A5-4132-C37D-2758257A54E6}.Release|Any CPU.ActiveCfg = Release|Any CPU
		{668A1FF5-77A5-4132-C37D-2758257A54E6}.Release|Any CPU.Build.0 = Release|Any CPU
		{02464E4E-C32D-A074-D4B9-B09829DEE1D2}.Debug|Any CPU.ActiveCfg = Debug|Any CPU
		{02464E4E-C32D-A074-D4B9-B09829DEE1D2}.Debug|Any CPU.Build.0 = Debug|Any CPU
		{02464E4E-C32D-A074-D4B9-B09829DEE1D2}.Release|Any CPU.ActiveCfg = Release|Any CPU
		{02464E4E-C32D-A074-D4B9-B09829DEE1D2}.Release|Any CPU.Build.0 = Release|Any CPU
		{7074BF24-BCDD-146E-5FC4-83788F31219E}.Debug|Any CPU.ActiveCfg = Debug|Any CPU
		{7074BF24-BCDD-146E-5FC4-83788F31219E}.Debug|Any CPU.Build.0 = Debug|Any CPU
		{7074BF24-BCDD-146E-5FC4-83788F31219E}.Release|Any CPU.ActiveCfg = Release|Any CPU
		{7074BF24-BCDD-146E-5FC4-83788F31219E}.Release|Any CPU.Build.0 = Release|Any CPU
	EndGlobalSection
	GlobalSection(SolutionProperties) = preSolution
		HideSolutionNode = FALSE
	EndGlobalSection
EndGlobal
