
Microsoft Visual Studio Solution File, Format Version 12.00
# Visual Studio 15
Project("{FAE04EC0-301F-11D3-BF4B-00C04F79EFBC}") = "Assembly-CSharp", "Assembly-CSharp.csproj", "{7CDE81CF-1109-352D-D83F-F32614856D7B}"
EndProject
Project("{FAE04EC0-301F-11D3-BF4B-00C04F79EFBC}") = "Assembly-CSharp-firstpass", "Assembly-CSharp-firstpass.csproj", "{AA4D6CB4-BC58-8F33-9D4A-D4153FAD05D7}"
EndProject
Project("{FAE04EC0-301F-11D3-BF4B-00C04F79EFBC}") = "Assembly-CSharp-Editor-firstpass", "Assembly-CSharp-Editor-firstpass.csproj", "{C2C5CCA3-C9BE-FE7F-D86D-C6EF41984F12}"
EndProject
Global
	GlobalSection(SolutionConfigurationPlatforms) = preSolution
		Debug|Any CPU = Debug|Any CPU
		Release|Any CPU = Release|Any CPU
	EndGlobalSection
	GlobalSection(ProjectConfigurationPlatforms) = postSolution
		{7CDE81CF-1109-352D-D83F-F32614856D7B}.Debug|Any CPU.ActiveCfg = Debug|Any CPU
		{7CDE81CF-1109-352D-D83F-F32614856D7B}.Debug|Any CPU.Build.0 = Debug|Any CPU
		{7CDE81CF-1109-352D-D83F-F32614856D7B}.Release|Any CPU.ActiveCfg = Release|Any CPU
		{7CDE81CF-1109-352D-D83F-F32614856D7B}.Release|Any CPU.Build.0 = Release|Any CPU
		{AA4D6CB4-BC58-8F33-9D4A-D4153FAD05D7}.Debug|Any CPU.ActiveCfg = Debug|Any CPU
		{AA4D6CB4-BC58-8F33-9D4A-D4153FAD05D7}.Debug|Any CPU.Build.0 = Debug|Any CPU
		{AA4D6CB4-BC58-8F33-9D4A-D4153FAD05D7}.Release|Any CPU.ActiveCfg = Release|Any CPU
		{AA4D6CB4-BC58-8F33-9D4A-D4153FAD05D7}.Release|Any CPU.Build.0 = Release|Any CPU
		{C2C5CCA3-C9BE-FE7F-D86D-C6EF41984F12}.Debug|Any CPU.ActiveCfg = Debug|Any CPU
		{C2C5CCA3-C9BE-FE7F-D86D-C6EF41984F12}.Debug|Any CPU.Build.0 = Debug|Any CPU
		{C2C5CCA3-C9BE-FE7F-D86D-C6EF41984F12}.Release|Any CPU.ActiveCfg = Release|Any CPU
		{C2C5CCA3-C9BE-FE7F-D86D-C6EF41984F12}.Release|Any CPU.Build.0 = Release|Any CPU
	EndGlobalSection
	GlobalSection(SolutionProperties) = preSolution
		HideSolutionNode = FALSE
	EndGlobalSection
EndGlobal
