
Microsoft Visual Studio Solution File, Format Version 12.00
# Visual Studio 15
Project("{FAE04EC0-301F-11D3-BF4B-00C04F79EFBC}") = "Assembly-CSharp", "Assembly-CSharp.csproj", "{A061FB9F-DE29-01BE-F26B-6CB2329AD637}"
EndProject
Project("{FAE04EC0-301F-11D3-BF4B-00C04F79EFBC}") = "Assembly-CSharp-firstpass", "Assembly-CSharp-firstpass.csproj", "{850B1767-2310-0F27-2668-C7A36EED4731}"
EndProject
Project("{FAE04EC0-301F-11D3-BF4B-00C04F79EFBC}") = "Assembly-CSharp-Editor-firstpass", "Assembly-CSharp-Editor-firstpass.csproj", "{4EE9101E-CC7D-4753-EFF2-DB367B688E4A}"
EndProject
Global
	GlobalSection(SolutionConfigurationPlatforms) = preSolution
		Debug|Any CPU = Debug|Any CPU
		Release|Any CPU = Release|Any CPU
	EndGlobalSection
	GlobalSection(ProjectConfigurationPlatforms) = postSolution
		{A061FB9F-DE29-01BE-F26B-6CB2329AD637}.Debug|Any CPU.ActiveCfg = Debug|Any CPU
		{A061FB9F-DE29-01BE-F26B-6CB2329AD637}.Debug|Any CPU.Build.0 = Debug|Any CPU
		{A061FB9F-DE29-01BE-F26B-6CB2329AD637}.Release|Any CPU.ActiveCfg = Release|Any CPU
		{A061FB9F-DE29-01BE-F26B-6CB2329AD637}.Release|Any CPU.Build.0 = Release|Any CPU
		{850B1767-2310-0F27-2668-C7A36EED4731}.Debug|Any CPU.ActiveCfg = Debug|Any CPU
		{850B1767-2310-0F27-2668-C7A36EED4731}.Debug|Any CPU.Build.0 = Debug|Any CPU
		{850B1767-2310-0F27-2668-C7A36EED4731}.Release|Any CPU.ActiveCfg = Release|Any CPU
		{850B1767-2310-0F27-2668-C7A36EED4731}.Release|Any CPU.Build.0 = Release|Any CPU
		{4EE9101E-CC7D-4753-EFF2-DB367B688E4A}.Debug|Any CPU.ActiveCfg = Debug|Any CPU
		{4EE9101E-CC7D-4753-EFF2-DB367B688E4A}.Debug|Any CPU.Build.0 = Debug|Any CPU
		{4EE9101E-CC7D-4753-EFF2-DB367B688E4A}.Release|Any CPU.ActiveCfg = Release|Any CPU
		{4EE9101E-CC7D-4753-EFF2-DB367B688E4A}.Release|Any CPU.Build.0 = Release|Any CPU
	EndGlobalSection
	GlobalSection(SolutionProperties) = preSolution
		HideSolutionNode = FALSE
	EndGlobalSection
EndGlobal
